<?xml version="1.0" encoding="utf-8"?>
<Project ToolsVersion="17.0" xmlns="http://schemas.microsoft.com/developer/msbuild/2003">
  <ItemGroup>
    <CustomBuild Include="C:\Users\gonca\Desktop\repos\dronity_\desktop\build-msvc\CMakeFiles\7af43f71c53fbcd72bb23d73e28f24eb\Experimental.rule">
      <Filter>CMake Rules</Filter>
    </CustomBuild>
    <CustomBuild Include="C:\Users\gonca\Desktop\repos\dronity_\desktop\CMakeLists.txt" />
  </ItemGroup>
  <ItemGroup>
    <None Include="C:\Users\gonca\Desktop\repos\dronity_\desktop\build-msvc\CMakeFiles\Experimental" />
  </ItemGroup>
  <ItemGroup>
    <Filter Include="CMake Rules">
      <UniqueIdentifier>{4F64BBC3-0851-3EB7-98F3-A4259358AD0D}</UniqueIdentifier>
    </Filter>
  </ItemGroup>
</Project>
