
Microsoft Visual Studio Solution File, Format Version 12.00
# Visual Studio Version 17
Project("{8BC9CEB8-8B4A-11D0-8D11-00A0C91BC942}") = "ALL_BUILD", "ALL_BUILD.vcxproj", "{FF40485E-C348-3624-ACAC-52CDB9212F20}"
	ProjectSection(ProjectDependencies) = postProject
		{C2432D5F-31DA-34CB-BEA3-51F07DAC6094} = {C2432D5F-31DA-34CB-BEA3-51F07DAC6094}
		{C9E2168F-0AFD-38F3-A3B6-62DCD76AD8A2} = {C9E2168F-0AFD-38F3-A3B6-62DCD76AD8A2}
		{76B8CD38-AFAD-36E4-8A28-CEE6C3535F7B} = {76B8CD38-AFAD-36E4-8A28-CEE6C3535F7B}
		{26422110-0FD5-3C88-B807-F04DEF21F351} = {26422110-0FD5-3C88-B807-F04DEF21F351}
	EndProjectSection
EndProject
Project("{8BC9CEB8-8B4A-11D0-8D11-00A0C91BC942}") = "Continuous", "Continuous.vcxproj", "{194AA48E-912C-3EBC-AF75-58226B5411D5}"
	ProjectSection(ProjectDependencies) = postProject
		{C2432D5F-31DA-34CB-BEA3-51F07DAC6094} = {C2432D5F-31DA-34CB-BEA3-51F07DAC6094}
	EndProjectSection
EndProject
Project("{8BC9CEB8-8B4A-11D0-8D11-00A0C91BC942}") = "Experimental", "Experimental.vcxproj", "{2624B2E8-358B-35CA-A7FC-6F111213838C}"
	ProjectSection(ProjectDependencies) = postProject
		{C2432D5F-31DA-34CB-BEA3-51F07DAC6094} = {C2432D5F-31DA-34CB-BEA3-51F07DAC6094}
	EndProjectSection
EndProject
Project("{8BC9CEB8-8B4A-11D0-8D11-00A0C91BC942}") = "Nightly", "Nightly.vcxproj", "{8B0F49EF-7F77-3E75-865A-1E1B053B3D76}"
	ProjectSection(ProjectDependencies) = postProject
		{C2432D5F-31DA-34CB-BEA3-51F07DAC6094} = {C2432D5F-31DA-34CB-BEA3-51F07DAC6094}
	EndProjectSection
EndProject
Project("{8BC9CEB8-8B4A-11D0-8D11-00A0C91BC942}") = "NightlyMemoryCheck", "NightlyMemoryCheck.vcxproj", "{D136C87E-29A0-32E2-99BC-1B42A27FCB74}"
	ProjectSection(ProjectDependencies) = postProject
		{C2432D5F-31DA-34CB-BEA3-51F07DAC6094} = {C2432D5F-31DA-34CB-BEA3-51F07DAC6094}
	EndProjectSection
EndProject
Project("{8BC9CEB8-8B4A-11D0-8D11-00A0C91BC942}") = "RUN_TESTS", "RUN_TESTS.vcxproj", "{4C72806E-C902-3614-A150-FB698CC232EB}"
	ProjectSection(ProjectDependencies) = postProject
		{C2432D5F-31DA-34CB-BEA3-51F07DAC6094} = {C2432D5F-31DA-34CB-BEA3-51F07DAC6094}
	EndProjectSection
EndProject
Project("{8BC9CEB8-8B4A-11D0-8D11-00A0C91BC942}") = "ZERO_CHECK", "ZERO_CHECK.vcxproj", "{C2432D5F-31DA-34CB-BEA3-51F07DAC6094}"
	ProjectSection(ProjectDependencies) = postProject
	EndProjectSection
EndProject
Project("{8BC9CEB8-8B4A-11D0-8D11-00A0C91BC942}") = "verity_desktop", "verity_desktop.vcxproj", "{C9E2168F-0AFD-38F3-A3B6-62DCD76AD8A2}"
	ProjectSection(ProjectDependencies) = postProject
		{C2432D5F-31DA-34CB-BEA3-51F07DAC6094} = {C2432D5F-31DA-34CB-BEA3-51F07DAC6094}
	EndProjectSection
EndProject
Project("{8BC9CEB8-8B4A-11D0-8D11-00A0C91BC942}") = "verity_desktop_runner", "verity_desktop_runner.vcxproj", "{76B8CD38-AFAD-36E4-8A28-CEE6C3535F7B}"
	ProjectSection(ProjectDependencies) = postProject
		{C2432D5F-31DA-34CB-BEA3-51F07DAC6094} = {C2432D5F-31DA-34CB-BEA3-51F07DAC6094}
		{C9E2168F-0AFD-38F3-A3B6-62DCD76AD8A2} = {C9E2168F-0AFD-38F3-A3B6-62DCD76AD8A2}
	EndProjectSection
EndProject
Project("{8BC9CEB8-8B4A-11D0-8D11-00A0C91BC942}") = "verity_qt_shell", "verity_qt_shell.vcxproj", "{26422110-0FD5-3C88-B807-F04DEF21F351}"
	ProjectSection(ProjectDependencies) = postProject
		{C2432D5F-31DA-34CB-BEA3-51F07DAC6094} = {C2432D5F-31DA-34CB-BEA3-51F07DAC6094}
		{C9E2168F-0AFD-38F3-A3B6-62DCD76AD8A2} = {C9E2168F-0AFD-38F3-A3B6-62DCD76AD8A2}
	EndProjectSection
EndProject
Global
	GlobalSection(SolutionConfigurationPlatforms) = preSolution
		Debug|x64 = Debug|x64
		Release|x64 = Release|x64
		MinSizeRel|x64 = MinSizeRel|x64
		RelWithDebInfo|x64 = RelWithDebInfo|x64
	EndGlobalSection
	GlobalSection(ProjectConfigurationPlatforms) = postSolution
		{FF40485E-C348-3624-ACAC-52CDB9212F20}.Debug|x64.ActiveCfg = Debug|x64
		{FF40485E-C348-3624-ACAC-52CDB9212F20}.Release|x64.ActiveCfg = Release|x64
		{FF40485E-C348-3624-ACAC-52CDB9212F20}.MinSizeRel|x64.ActiveCfg = MinSizeRel|x64
		{FF40485E-C348-3624-ACAC-52CDB9212F20}.RelWithDebInfo|x64.ActiveCfg = RelWithDebInfo|x64
		{194AA48E-912C-3EBC-AF75-58226B5411D5}.Debug|x64.ActiveCfg = Debug|x64
		{194AA48E-912C-3EBC-AF75-58226B5411D5}.Release|x64.ActiveCfg = Release|x64
		{194AA48E-912C-3EBC-AF75-58226B5411D5}.MinSizeRel|x64.ActiveCfg = MinSizeRel|x64
		{194AA48E-912C-3EBC-AF75-58226B5411D5}.RelWithDebInfo|x64.ActiveCfg = RelWithDebInfo|x64
		{2624B2E8-358B-35CA-A7FC-6F111213838C}.Debug|x64.ActiveCfg = Debug|x64
		{2624B2E8-358B-35CA-A7FC-6F111213838C}.Release|x64.ActiveCfg = Release|x64
		{2624B2E8-358B-35CA-A7FC-6F111213838C}.MinSizeRel|x64.ActiveCfg = MinSizeRel|x64
		{2624B2E8-358B-35CA-A7FC-6F111213838C}.RelWithDebInfo|x64.ActiveCfg = RelWithDebInfo|x64
		{8B0F49EF-7F77-3E75-865A-1E1B053B3D76}.Debug|x64.ActiveCfg = Debug|x64
		{8B0F49EF-7F77-3E75-865A-1E1B053B3D76}.Release|x64.ActiveCfg = Release|x64
		{8B0F49EF-7F77-3E75-865A-1E1B053B3D76}.MinSizeRel|x64.ActiveCfg = MinSizeRel|x64
		{8B0F49EF-7F77-3E75-865A-1E1B053B3D76}.RelWithDebInfo|x64.ActiveCfg = RelWithDebInfo|x64
		{D136C87E-29A0-32E2-99BC-1B42A27FCB74}.Debug|x64.ActiveCfg = Debug|x64
		{D136C87E-29A0-32E2-99BC-1B42A27FCB74}.Release|x64.ActiveCfg = Release|x64
		{D136C87E-29A0-32E2-99BC-1B42A27FCB74}.MinSizeRel|x64.ActiveCfg = MinSizeRel|x64
		{D136C87E-29A0-32E2-99BC-1B42A27FCB74}.RelWithDebInfo|x64.ActiveCfg = RelWithDebInfo|x64
		{4C72806E-C902-3614-A150-FB698CC232EB}.Debug|x64.ActiveCfg = Debug|x64
		{4C72806E-C902-3614-A150-FB698CC232EB}.Release|x64.ActiveCfg = Release|x64
		{4C72806E-C902-3614-A150-FB698CC232EB}.MinSizeRel|x64.ActiveCfg = MinSizeRel|x64
		{4C72806E-C902-3614-A150-FB698CC232EB}.RelWithDebInfo|x64.ActiveCfg = RelWithDebInfo|x64
		{C2432D5F-31DA-34CB-BEA3-51F07DAC6094}.Debug|x64.ActiveCfg = Debug|x64
		{C2432D5F-31DA-34CB-BEA3-51F07DAC6094}.Debug|x64.Build.0 = Debug|x64
		{C2432D5F-31DA-34CB-BEA3-51F07DAC6094}.Release|x64.ActiveCfg = Release|x64
		{C2432D5F-31DA-34CB-BEA3-51F07DAC6094}.Release|x64.Build.0 = Release|x64
		{C2432D5F-31DA-34CB-BEA3-51F07DAC6094}.MinSizeRel|x64.ActiveCfg = MinSizeRel|x64
		{C2432D5F-31DA-34CB-BEA3-51F07DAC6094}.MinSizeRel|x64.Build.0 = MinSizeRel|x64
		{C2432D5F-31DA-34CB-BEA3-51F07DAC6094}.RelWithDebInfo|x64.ActiveCfg = RelWithDebInfo|x64
		{C2432D5F-31DA-34CB-BEA3-51F07DAC6094}.RelWithDebInfo|x64.Build.0 = RelWithDebInfo|x64
		{C9E2168F-0AFD-38F3-A3B6-62DCD76AD8A2}.Debug|x64.ActiveCfg = Debug|x64
		{C9E2168F-0AFD-38F3-A3B6-62DCD76AD8A2}.Debug|x64.Build.0 = Debug|x64
		{C9E2168F-0AFD-38F3-A3B6-62DCD76AD8A2}.Release|x64.ActiveCfg = Release|x64
		{C9E2168F-0AFD-38F3-A3B6-62DCD76AD8A2}.Release|x64.Build.0 = Release|x64
		{C9E2168F-0AFD-38F3-A3B6-62DCD76AD8A2}.MinSizeRel|x64.ActiveCfg = MinSizeRel|x64
		{C9E2168F-0AFD-38F3-A3B6-62DCD76AD8A2}.MinSizeRel|x64.Build.0 = MinSizeRel|x64
		{C9E2168F-0AFD-38F3-A3B6-62DCD76AD8A2}.RelWithDebInfo|x64.ActiveCfg = RelWithDebInfo|x64
		{C9E2168F-0AFD-38F3-A3B6-62DCD76AD8A2}.RelWithDebInfo|x64.Build.0 = RelWithDebInfo|x64
		{76B8CD38-AFAD-36E4-8A28-CEE6C3535F7B}.Debug|x64.ActiveCfg = Debug|x64
		{76B8CD38-AFAD-36E4-8A28-CEE6C3535F7B}.Debug|x64.Build.0 = Debug|x64
		{76B8CD38-AFAD-36E4-8A28-CEE6C3535F7B}.Release|x64.ActiveCfg = Release|x64
		{76B8CD38-AFAD-36E4-8A28-CEE6C3535F7B}.Release|x64.Build.0 = Release|x64
		{76B8CD38-AFAD-36E4-8A28-CEE6C3535F7B}.MinSizeRel|x64.ActiveCfg = MinSizeRel|x64
		{76B8CD38-AFAD-36E4-8A28-CEE6C3535F7B}.MinSizeRel|x64.Build.0 = MinSizeRel|x64
		{76B8CD38-AFAD-36E4-8A28-CEE6C3535F7B}.RelWithDebInfo|x64.ActiveCfg = RelWithDebInfo|x64
		{76B8CD38-AFAD-36E4-8A28-CEE6C3535F7B}.RelWithDebInfo|x64.Build.0 = RelWithDebInfo|x64
		{26422110-0FD5-3C88-B807-F04DEF21F351}.Debug|x64.ActiveCfg = Debug|x64
		{26422110-0FD5-3C88-B807-F04DEF21F351}.Debug|x64.Build.0 = Debug|x64
		{26422110-0FD5-3C88-B807-F04DEF21F351}.Release|x64.ActiveCfg = Release|x64
		{26422110-0FD5-3C88-B807-F04DEF21F351}.Release|x64.Build.0 = Release|x64
		{26422110-0FD5-3C88-B807-F04DEF21F351}.MinSizeRel|x64.ActiveCfg = MinSizeRel|x64
		{26422110-0FD5-3C88-B807-F04DEF21F351}.MinSizeRel|x64.Build.0 = MinSizeRel|x64
		{26422110-0FD5-3C88-B807-F04DEF21F351}.RelWithDebInfo|x64.ActiveCfg = RelWithDebInfo|x64
		{26422110-0FD5-3C88-B807-F04DEF21F351}.RelWithDebInfo|x64.Build.0 = RelWithDebInfo|x64
	EndGlobalSection
	GlobalSection(ExtensibilityGlobals) = postSolution
		SolutionGuid = {E90E5884-4F2F-36D7-8E4D-EC8DA32DFCC8}
	EndGlobalSection
	GlobalSection(ExtensibilityAddIns) = postSolution
	EndGlobalSection
EndGlobal
